
Microsoft Visual Studio Solution File, Format Version 12.00
# Visual Studio Version 16
VisualStudioVersion = 16.0.29709.97
MinimumVisualStudioVersion = 10.0.40219.1
Project("{FAE04EC0-301F-11D3-BF4B-00C04F79EFBC}") = "BookShelf", "BookShelf\BookShelf.csproj", "{FBC3EA0A-FF02-4E9E-8A2C-DC6FDDB04CE4}"
EndProject
Global
	GlobalSection(SolutionConfigurationPlatforms) = preSolution
		Debug|Any CPU = Debug|Any CPU
		Release|Any CPU = Release|Any CPU
	EndGlobalSection
	GlobalSection(ProjectConfigurationPlatforms) = postSolution
		{FBC3EA0A-FF02-4E9E-8A2C-DC6FDDB04CE4}.Debug|Any CPU.ActiveCfg = Debug|Any CPU
		{FBC3EA0A-FF02-4E9E-8A2C-DC6FDDB04CE4}.Debug|Any CPU.Build.0 = Debug|Any CPU
		{FBC3EA0A-FF02-4E9E-8A2C-DC6FDDB04CE4}.Release|Any CPU.ActiveCfg = Release|Any CPU
		{FBC3EA0A-FF02-4E9E-8A2C-DC6FDDB04CE4}.Release|Any CPU.Build.0 = Release|Any CPU
	EndGlobalSection
	GlobalSection(SolutionProperties) = preSolution
		HideSolutionNode = FALSE
	EndGlobalSection
	GlobalSection(ExtensibilityGlobals) = postSolution
		SolutionGuid = {E342A76F-AFFF-4769-9223-DA08B2098FB8}
	EndGlobalSection
EndGlobal
